
Microsoft Visual Studio Solution File, Format Version 12.00
# Visual Studio 15
VisualStudioVersion = 15.0.27703.2026
MinimumVisualStudioVersion = 10.0.40219.1
Project("{FAE04EC0-301F-11D3-BF4B-00C04F79EFBC}") = "OnlineMusicStore.API", "OnlineMusicStore.API\OnlineMusicStore.API.csproj", "{BCA8453A-4CB2-482C-AC25-1B2D0D917CE1}"
EndProject
Project("{FAE04EC0-301F-11D3-BF4B-00C04F79EFBC}") = "OnlineMusicStore.UI", "OnlineMusicStore.UI\OnlineMusicStore.UI.csproj", "{4F33A4FC-1AC3-49BA-8A76-2B3DA430E2C2}"
EndProject
Global
	GlobalSection(SolutionConfigurationPlatforms) = preSolution
		Debug|Any CPU = Debug|Any CPU
		Release|Any CPU = Release|Any CPU
	EndGlobalSection
	GlobalSection(ProjectConfigurationPlatforms) = postSolution
		{BCA8453A-4CB2-482C-AC25-1B2D0D917CE1}.Debug|Any CPU.ActiveCfg = Debug|Any CPU
		{BCA8453A-4CB2-482C-AC25-1B2D0D917CE1}.Debug|Any CPU.Build.0 = Debug|Any CPU
		{BCA8453A-4CB2-482C-AC25-1B2D0D917CE1}.Release|Any CPU.ActiveCfg = Release|Any CPU
		{BCA8453A-4CB2-482C-AC25-1B2D0D917CE1}.Release|Any CPU.Build.0 = Release|Any CPU
		{4F33A4FC-1AC3-49BA-8A76-2B3DA430E2C2}.Debug|Any CPU.ActiveCfg = Debug|Any CPU
		{4F33A4FC-1AC3-49BA-8A76-2B3DA430E2C2}.Debug|Any CPU.Build.0 = Debug|Any CPU
		{4F33A4FC-1AC3-49BA-8A76-2B3DA430E2C2}.Release|Any CPU.ActiveCfg = Release|Any CPU
		{4F33A4FC-1AC3-49BA-8A76-2B3DA430E2C2}.Release|Any CPU.Build.0 = Release|Any CPU
	EndGlobalSection
	GlobalSection(SolutionProperties) = preSolution
		HideSolutionNode = FALSE
	EndGlobalSection
	GlobalSection(ExtensibilityGlobals) = postSolution
		SolutionGuid = {6FF57BF3-462E-40F1-9B31-058DC268102C}
	EndGlobalSection
EndGlobal
